// !$*UTF8*$!
{
	archiveVersion = 1;
	classes = {
	};
	objectVersion = 56;
	objects = {

/* Begin PBXBuildFile section */
		3152CB102BD15D8800BB5980 /* PokemonTeam.swift in Sources */ = {isa = PBXBuildFile; fileRef = 3152CB0F2BD15D8800BB5980 /* PokemonTeam.swift */; };
		3152CB122BD15E3F00BB5980 /* TeamViewController.swift in Sources */ = {isa = PBXBuildFile; fileRef = 3152CB112BD15E3F00BB5980 /* TeamViewController.swift */; };
		3152CB142BD1650400BB5980 /* TeamTableViewCell.swift in Sources */ = {isa = PBXBuildFile; fileRef = 3152CB132BD1650400BB5980 /* TeamTableViewCell.swift */; };
		3152CB162BD1D98500BB5980 /* AddTeamViewController.swift in Sources */ = {isa = PBXBuildFile; fileRef = 3152CB152BD1D98500BB5980 /* AddTeamViewController.swift */; };
		3152CB1A2BD6A00200BB5980 /* TeamController.swift in Sources */ = {isa = PBXBuildFile; fileRef = 3152CB192BD6A00200BB5980 /* TeamController.swift */; };
		3152CB1E2BD6C39D00BB5980 /* PokemonPersistenceController.swift in Sources */ = {isa = PBXBuildFile; fileRef = 3152CB1D2BD6C39D00BB5980 /* PokemonPersistenceController.swift */; };
		317B72082BDFE5550049A06D /* AbilitiesView.storyboard in Resources */ = {isa = PBXBuildFile; fileRef = 317B72072BDFE5550049A06D /* AbilitiesView.storyboard */; };
		317B72102BDFF0F80049A06D /* PokemonAbilitiesTableViewController.swift in Sources */ = {isa = PBXBuildFile; fileRef = 317B720F2BDFF0F80049A06D /* PokemonAbilitiesTableViewController.swift */; };
		317B72122BDFF1210049A06D /* PokemonAbilityTableViewCell.swift in Sources */ = {isa = PBXBuildFile; fileRef = 317B72112BDFF1210049A06D /* PokemonAbilityTableViewCell.swift */; };
		3196616B2BE139FE00FE0A52 /* PokedexUnitTests.swift in Sources */ = {isa = PBXBuildFile; fileRef = 3196616A2BE139FE00FE0A52 /* PokedexUnitTests.swift */; };
		319661742BE13CF100FE0A52 /* TestPokemon.swift in Sources */ = {isa = PBXBuildFile; fileRef = 319661732BE13CF100FE0A52 /* TestPokemon.swift */; };
		319661762BE1BC3500FE0A52 /* PokemonTeamViewController.swift in Sources */ = {isa = PBXBuildFile; fileRef = 319661752BE1BC3500FE0A52 /* PokemonTeamViewController.swift */; };
		4A6BBBF02BCEC54600ACE001 /* PokemonDetail.storyboard in Resources */ = {isa = PBXBuildFile; fileRef = 4A6BBBEF2BCEC54600ACE001 /* PokemonDetail.storyboard */; };
		4A6BBBFE2BCECF6C00ACE001 /* FavoritePokemonView.storyboard in Resources */ = {isa = PBXBuildFile; fileRef = 4A6BBBFC2BCECF6C00ACE001 /* FavoritePokemonView.storyboard */; };
		4A6BBC012BCED41500ACE001 /* TeamView.storyboard in Resources */ = {isa = PBXBuildFile; fileRef = 4A6BBBFF2BCED41500ACE001 /* TeamView.storyboard */; };
		4A6BBC032BCED7A000ACE001 /* PokemonAbilities.swift in Sources */ = {isa = PBXBuildFile; fileRef = 4A6BBC022BCED7A000ACE001 /* PokemonAbilities.swift */; };
		4A6BBC052BCEFCED00ACE001 /* PokemonStats.swift in Sources */ = {isa = PBXBuildFile; fileRef = 4A6BBC042BCEFCED00ACE001 /* PokemonStats.swift */; };
		4A6BBC072BCF01B700ACE001 /* PokemonDamageRelations.swift in Sources */ = {isa = PBXBuildFile; fileRef = 4A6BBC062BCF01B700ACE001 /* PokemonDamageRelations.swift */; };
		4A6BBC092BD0176300ACE001 /* FavoritePokemonViewController.swift in Sources */ = {isa = PBXBuildFile; fileRef = 4A6BBC082BD0176300ACE001 /* FavoritePokemonViewController.swift */; };
		4A6BBC0B2BD01C1B00ACE001 /* FavoritePokemonCollectionViewCell.swift in Sources */ = {isa = PBXBuildFile; fileRef = 4A6BBC0A2BD01C1B00ACE001 /* FavoritePokemonCollectionViewCell.swift */; };
		4A6BBC0F2BD07A5800ACE001 /* PokemonEvolution.swift in Sources */ = {isa = PBXBuildFile; fileRef = 4A6BBC0E2BD07A5800ACE001 /* PokemonEvolution.swift */; };
		4A6BBC132BD165D000ACE001 /* PokemonSpecies.swift in Sources */ = {isa = PBXBuildFile; fileRef = 4A6BBC122BD165D000ACE001 /* PokemonSpecies.swift */; };
		4A6BBC152BD1A97100ACE001 /* Protocols.swift in Sources */ = {isa = PBXBuildFile; fileRef = 4A6BBC142BD1A97100ACE001 /* Protocols.swift */; };
		4A893BCE2BD2D18500CCDE0B /* PokemonPrettyController.swift in Sources */ = {isa = PBXBuildFile; fileRef = 4A893BCD2BD2D18500CCDE0B /* PokemonPrettyController.swift */; };
		4A893BD02BD6ADE300CCDE0B /* Type.swift in Sources */ = {isa = PBXBuildFile; fileRef = 4A893BCF2BD6ADE300CCDE0B /* Type.swift */; };
		4A893BD42BDAA93D00CCDE0B /* PokemonGenerationSearch.swift in Sources */ = {isa = PBXBuildFile; fileRef = 4A893BD32BDAA93D00CCDE0B /* PokemonGenerationSearch.swift */; };
		4A893BD62BDC04BB00CCDE0B /* FetchAPIModels.swift in Sources */ = {isa = PBXBuildFile; fileRef = 4A893BD52BDC04BB00CCDE0B /* FetchAPIModels.swift */; };
		4A893BD82BDFF21600CCDE0B /* PokemonMove.swift in Sources */ = {isa = PBXBuildFile; fileRef = 4A893BD72BDFF21600CCDE0B /* PokemonMove.swift */; };
		4A893BDA2BE1334300CCDE0B /* PokemonMoves.storyboard in Resources */ = {isa = PBXBuildFile; fileRef = 4A893BD92BE1334300CCDE0B /* PokemonMoves.storyboard */; };
		4A893BDC2BE148A300CCDE0B /* PokemonMovesViewController.swift in Sources */ = {isa = PBXBuildFile; fileRef = 4A893BDB2BE148A300CCDE0B /* PokemonMovesViewController.swift */; };
		4A893BDE2BE148DB00CCDE0B /* PokemonMovesCollectionViewCell.swift in Sources */ = {isa = PBXBuildFile; fileRef = 4A893BDD2BE148DB00CCDE0B /* PokemonMovesCollectionViewCell.swift */; };
		4A893BE02BE2955400CCDE0B /* MovesDetailViewController.swift in Sources */ = {isa = PBXBuildFile; fileRef = 4A893BDF2BE2955400CCDE0B /* MovesDetailViewController.swift */; };
		A38B12E32B4EE879003D33D8 /* AppDelegate.swift in Sources */ = {isa = PBXBuildFile; fileRef = A38B12E22B4EE879003D33D8 /* AppDelegate.swift */; };
		A38B12E52B4EE879003D33D8 /* SceneDelegate.swift in Sources */ = {isa = PBXBuildFile; fileRef = A38B12E42B4EE879003D33D8 /* SceneDelegate.swift */; };
		A38B12EA2B4EE879003D33D8 /* Main.storyboard in Resources */ = {isa = PBXBuildFile; fileRef = A38B12E82B4EE879003D33D8 /* Main.storyboard */; };
		A38B12EC2B4EE87A003D33D8 /* Assets.xcassets in Resources */ = {isa = PBXBuildFile; fileRef = A38B12EB2B4EE87A003D33D8 /* Assets.xcassets */; };
		A38B12EF2B4EE87A003D33D8 /* LaunchScreen.storyboard in Resources */ = {isa = PBXBuildFile; fileRef = A38B12ED2B4EE87A003D33D8 /* LaunchScreen.storyboard */; };
		A38B12F72B4EEB43003D33D8 /* PokemonSearchViewController.swift in Sources */ = {isa = PBXBuildFile; fileRef = A38B12F62B4EEB43003D33D8 /* PokemonSearchViewController.swift */; };
		A38B12F92B4EEB65003D33D8 /* Pokemon.swift in Sources */ = {isa = PBXBuildFile; fileRef = A38B12F82B4EEB65003D33D8 /* Pokemon.swift */; };
		A38B12FC2B4EED69003D33D8 /* PokemonTypeContainer.swift in Sources */ = {isa = PBXBuildFile; fileRef = A38B12FB2B4EED69003D33D8 /* PokemonTypeContainer.swift */; };
		A38B13002B4EED94003D33D8 /* PokemonSprites.swift in Sources */ = {isa = PBXBuildFile; fileRef = A38B12FF2B4EED94003D33D8 /* PokemonSprites.swift */; };
		A38B13032B4EEE28003D33D8 /* PokemonNetworkController.swift in Sources */ = {isa = PBXBuildFile; fileRef = A38B13022B4EEE28003D33D8 /* PokemonNetworkController.swift */; };
		A38B13052B4EEFB1003D33D8 /* PokemonGenericSearch.swift in Sources */ = {isa = PBXBuildFile; fileRef = A38B13042B4EEFB1003D33D8 /* PokemonGenericSearch.swift */; };
		A38B13072B4EEFF5003D33D8 /* PokemonGenericSearchResults.swift in Sources */ = {isa = PBXBuildFile; fileRef = A38B13062B4EEFF5003D33D8 /* PokemonGenericSearchResults.swift */; };
		A38B13092B4EF1CB003D33D8 /* API.swift in Sources */ = {isa = PBXBuildFile; fileRef = A38B13082B4EF1CB003D33D8 /* API.swift */; };
		A38B130B2B4EF8E4003D33D8 /* PokemonTableViewCell.swift in Sources */ = {isa = PBXBuildFile; fileRef = A38B130A2B4EF8E4003D33D8 /* PokemonTableViewCell.swift */; };
		A38B130D2B4EFBD5003D33D8 /* UIImageViewExtension.swift in Sources */ = {isa = PBXBuildFile; fileRef = A38B130C2B4EFBD5003D33D8 /* UIImageViewExtension.swift */; };
		F25835772BD8042000D3E972 /* PokemonDetailTableViewController.swift in Sources */ = {isa = PBXBuildFile; fileRef = F25835762BD8042000D3E972 /* PokemonDetailTableViewController.swift */; };
		F25835792BDA984F00D3E972 /* DetailCollectionViewCell.swift in Sources */ = {isa = PBXBuildFile; fileRef = F25835782BDA984F00D3E972 /* DetailCollectionViewCell.swift */; };
		F2B791482BDFE8FF00A92385 /* TypingSwiftUIView.swift in Sources */ = {isa = PBXBuildFile; fileRef = F2B791472BDFE8FF00A92385 /* TypingSwiftUIView.swift */; };
/* End PBXBuildFile section */

/* Begin PBXContainerItemProxy section */
		3196616C2BE139FE00FE0A52 /* PBXContainerItemProxy */ = {
			isa = PBXContainerItemProxy;
			containerPortal = A38B12D72B4EE879003D33D8 /* Project object */;
			proxyType = 1;
			remoteGlobalIDString = A38B12DE2B4EE879003D33D8;
			remoteInfo = Pokedex;
		};
/* End PBXContainerItemProxy section */

/* Begin PBXFileReference section */
		3152CB0F2BD15D8800BB5980 /* PokemonTeam.swift */ = {isa = PBXFileReference; lastKnownFileType = sourcecode.swift; path = PokemonTeam.swift; sourceTree = "<group>"; };
		3152CB112BD15E3F00BB5980 /* TeamViewController.swift */ = {isa = PBXFileReference; lastKnownFileType = sourcecode.swift; path = TeamViewController.swift; sourceTree = "<group>"; };
		3152CB132BD1650400BB5980 /* TeamTableViewCell.swift */ = {isa = PBXFileReference; lastKnownFileType = sourcecode.swift; path = TeamTableViewCell.swift; sourceTree = "<group>"; };
		3152CB152BD1D98500BB5980 /* AddTeamViewController.swift */ = {isa = PBXFileReference; lastKnownFileType = sourcecode.swift; path = AddTeamViewController.swift; sourceTree = "<group>"; };
		3152CB192BD6A00200BB5980 /* TeamController.swift */ = {isa = PBXFileReference; lastKnownFileType = sourcecode.swift; path = TeamController.swift; sourceTree = "<group>"; };
		3152CB1D2BD6C39D00BB5980 /* PokemonPersistenceController.swift */ = {isa = PBXFileReference; lastKnownFileType = sourcecode.swift; path = PokemonPersistenceController.swift; sourceTree = "<group>"; };
		317B72072BDFE5550049A06D /* AbilitiesView.storyboard */ = {isa = PBXFileReference; lastKnownFileType = file.storyboard; path = AbilitiesView.storyboard; sourceTree = "<group>"; };
		317B720F2BDFF0F80049A06D /* PokemonAbilitiesTableViewController.swift */ = {isa = PBXFileReference; lastKnownFileType = sourcecode.swift; path = PokemonAbilitiesTableViewController.swift; sourceTree = "<group>"; };
		317B72112BDFF1210049A06D /* PokemonAbilityTableViewCell.swift */ = {isa = PBXFileReference; lastKnownFileType = sourcecode.swift; path = PokemonAbilityTableViewCell.swift; sourceTree = "<group>"; };
		319661682BE139FE00FE0A52 /* PokedexUnitTests.xctest */ = {isa = PBXFileReference; explicitFileType = wrapper.cfbundle; includeInIndex = 0; path = PokedexUnitTests.xctest; sourceTree = BUILT_PRODUCTS_DIR; };
		3196616A2BE139FE00FE0A52 /* PokedexUnitTests.swift */ = {isa = PBXFileReference; lastKnownFileType = sourcecode.swift; path = PokedexUnitTests.swift; sourceTree = "<group>"; };
		319661732BE13CF100FE0A52 /* TestPokemon.swift */ = {isa = PBXFileReference; lastKnownFileType = sourcecode.swift; path = TestPokemon.swift; sourceTree = "<group>"; };
		319661752BE1BC3500FE0A52 /* PokemonTeamViewController.swift */ = {isa = PBXFileReference; lastKnownFileType = sourcecode.swift; path = PokemonTeamViewController.swift; sourceTree = "<group>"; };
		4A6BBBEF2BCEC54600ACE001 /* PokemonDetail.storyboard */ = {isa = PBXFileReference; lastKnownFileType = file.storyboard; path = PokemonDetail.storyboard; sourceTree = "<group>"; };
		4A6BBBFD2BCECF6C00ACE001 /* Base */ = {isa = PBXFileReference; lastKnownFileType = file.storyboard; name = Base; path = Base.lproj/FavoritePokemonView.storyboard; sourceTree = "<group>"; };
		4A6BBC002BCED41500ACE001 /* Base */ = {isa = PBXFileReference; lastKnownFileType = file.storyboard; name = Base; path = Base.lproj/TeamView.storyboard; sourceTree = "<group>"; };
		4A6BBC022BCED7A000ACE001 /* PokemonAbilities.swift */ = {isa = PBXFileReference; lastKnownFileType = sourcecode.swift; path = PokemonAbilities.swift; sourceTree = "<group>"; };
		4A6BBC042BCEFCED00ACE001 /* PokemonStats.swift */ = {isa = PBXFileReference; lastKnownFileType = sourcecode.swift; path = PokemonStats.swift; sourceTree = "<group>"; };
		4A6BBC062BCF01B700ACE001 /* PokemonDamageRelations.swift */ = {isa = PBXFileReference; lastKnownFileType = sourcecode.swift; path = PokemonDamageRelations.swift; sourceTree = "<group>"; };
		4A6BBC082BD0176300ACE001 /* FavoritePokemonViewController.swift */ = {isa = PBXFileReference; lastKnownFileType = sourcecode.swift; name = FavoritePokemonViewController.swift; path = Pokedex/StoryBoards/FavoritePokemonViewController.swift; sourceTree = SOURCE_ROOT; };
		4A6BBC0A2BD01C1B00ACE001 /* FavoritePokemonCollectionViewCell.swift */ = {isa = PBXFileReference; lastKnownFileType = sourcecode.swift; path = FavoritePokemonCollectionViewCell.swift; sourceTree = "<group>"; };
		4A6BBC0E2BD07A5800ACE001 /* PokemonEvolution.swift */ = {isa = PBXFileReference; lastKnownFileType = sourcecode.swift; path = PokemonEvolution.swift; sourceTree = "<group>"; };
		4A6BBC122BD165D000ACE001 /* PokemonSpecies.swift */ = {isa = PBXFileReference; lastKnownFileType = sourcecode.swift; path = PokemonSpecies.swift; sourceTree = "<group>"; };
		4A6BBC142BD1A97100ACE001 /* Protocols.swift */ = {isa = PBXFileReference; lastKnownFileType = sourcecode.swift; name = Protocols.swift; path = Pokedex/ViewControllers/Protocols.swift; sourceTree = SOURCE_ROOT; };
		4A893BCD2BD2D18500CCDE0B /* PokemonPrettyController.swift */ = {isa = PBXFileReference; lastKnownFileType = sourcecode.swift; name = PokemonPrettyController.swift; path = Pokedex/ViewControllers/PokemonPrettyController.swift; sourceTree = SOURCE_ROOT; };
		4A893BCF2BD6ADE300CCDE0B /* Type.swift */ = {isa = PBXFileReference; lastKnownFileType = sourcecode.swift; path = Type.swift; sourceTree = "<group>"; };
		4A893BD32BDAA93D00CCDE0B /* PokemonGenerationSearch.swift */ = {isa = PBXFileReference; lastKnownFileType = sourcecode.swift; name = PokemonGenerationSearch.swift; path = Pokedex/Controllers/PokemonGenerationSearch.swift; sourceTree = SOURCE_ROOT; };
		4A893BD52BDC04BB00CCDE0B /* FetchAPIModels.swift */ = {isa = PBXFileReference; lastKnownFileType = sourcecode.swift; name = FetchAPIModels.swift; path = Pokedex/Controllers/FetchAPIModels.swift; sourceTree = SOURCE_ROOT; };
		4A893BD72BDFF21600CCDE0B /* PokemonMove.swift */ = {isa = PBXFileReference; lastKnownFileType = sourcecode.swift; path = PokemonMove.swift; sourceTree = "<group>"; };
		4A893BD92BE1334300CCDE0B /* PokemonMoves.storyboard */ = {isa = PBXFileReference; lastKnownFileType = file.storyboard; name = PokemonMoves.storyboard; path = Pokedex/ViewControllers/PokemonMoves.storyboard; sourceTree = SOURCE_ROOT; };
		4A893BDB2BE148A300CCDE0B /* PokemonMovesViewController.swift */ = {isa = PBXFileReference; lastKnownFileType = sourcecode.swift; name = PokemonMovesViewController.swift; path = Pokedex/StoryBoards/PokemonMovesViewController.swift; sourceTree = SOURCE_ROOT; };
		4A893BDD2BE148DB00CCDE0B /* PokemonMovesCollectionViewCell.swift */ = {isa = PBXFileReference; lastKnownFileType = sourcecode.swift; name = PokemonMovesCollectionViewCell.swift; path = Pokedex/StoryBoards/PokemonMovesCollectionViewCell.swift; sourceTree = SOURCE_ROOT; };
		4A893BDF2BE2955400CCDE0B /* MovesDetailViewController.swift */ = {isa = PBXFileReference; lastKnownFileType = sourcecode.swift; name = MovesDetailViewController.swift; path = Pokedex/StoryBoards/MovesDetailViewController.swift; sourceTree = SOURCE_ROOT; };
		A38B12DF2B4EE879003D33D8 /* Pokedex.app */ = {isa = PBXFileReference; explicitFileType = wrapper.application; includeInIndex = 0; path = Pokedex.app; sourceTree = BUILT_PRODUCTS_DIR; };
		A38B12E22B4EE879003D33D8 /* AppDelegate.swift */ = {isa = PBXFileReference; lastKnownFileType = sourcecode.swift; path = AppDelegate.swift; sourceTree = "<group>"; };
		A38B12E42B4EE879003D33D8 /* SceneDelegate.swift */ = {isa = PBXFileReference; lastKnownFileType = sourcecode.swift; path = SceneDelegate.swift; sourceTree = "<group>"; };
		A38B12E92B4EE879003D33D8 /* Base */ = {isa = PBXFileReference; lastKnownFileType = file.storyboard; name = Base; path = Base.lproj/Main.storyboard; sourceTree = "<group>"; };
		A38B12EB2B4EE87A003D33D8 /* Assets.xcassets */ = {isa = PBXFileReference; lastKnownFileType = folder.assetcatalog; path = Assets.xcassets; sourceTree = "<group>"; };
		A38B12EE2B4EE87A003D33D8 /* Base */ = {isa = PBXFileReference; lastKnownFileType = file.storyboard; name = Base; path = Base.lproj/LaunchScreen.storyboard; sourceTree = "<group>"; };
		A38B12F02B4EE87A003D33D8 /* Info.plist */ = {isa = PBXFileReference; lastKnownFileType = text.plist.xml; path = Info.plist; sourceTree = "<group>"; };
		A38B12F62B4EEB43003D33D8 /* PokemonSearchViewController.swift */ = {isa = PBXFileReference; lastKnownFileType = sourcecode.swift; path = PokemonSearchViewController.swift; sourceTree = "<group>"; };
		A38B12F82B4EEB65003D33D8 /* Pokemon.swift */ = {isa = PBXFileReference; lastKnownFileType = sourcecode.swift; path = Pokemon.swift; sourceTree = "<group>"; };
		A38B12FB2B4EED69003D33D8 /* PokemonTypeContainer.swift */ = {isa = PBXFileReference; lastKnownFileType = sourcecode.swift; path = PokemonTypeContainer.swift; sourceTree = "<group>"; };
		A38B12FF2B4EED94003D33D8 /* PokemonSprites.swift */ = {isa = PBXFileReference; lastKnownFileType = sourcecode.swift; path = PokemonSprites.swift; sourceTree = "<group>"; };
		A38B13022B4EEE28003D33D8 /* PokemonNetworkController.swift */ = {isa = PBXFileReference; lastKnownFileType = sourcecode.swift; path = PokemonNetworkController.swift; sourceTree = "<group>"; };
		A38B13042B4EEFB1003D33D8 /* PokemonGenericSearch.swift */ = {isa = PBXFileReference; lastKnownFileType = sourcecode.swift; path = PokemonGenericSearch.swift; sourceTree = "<group>"; };
		A38B13062B4EEFF5003D33D8 /* PokemonGenericSearchResults.swift */ = {isa = PBXFileReference; lastKnownFileType = sourcecode.swift; path = PokemonGenericSearchResults.swift; sourceTree = "<group>"; };
		A38B13082B4EF1CB003D33D8 /* API.swift */ = {isa = PBXFileReference; lastKnownFileType = sourcecode.swift; path = API.swift; sourceTree = "<group>"; };
		A38B130A2B4EF8E4003D33D8 /* PokemonTableViewCell.swift */ = {isa = PBXFileReference; lastKnownFileType = sourcecode.swift; path = PokemonTableViewCell.swift; sourceTree = "<group>"; };
		A38B130C2B4EFBD5003D33D8 /* UIImageViewExtension.swift */ = {isa = PBXFileReference; lastKnownFileType = sourcecode.swift; path = UIImageViewExtension.swift; sourceTree = "<group>"; };
		F25835762BD8042000D3E972 /* PokemonDetailTableViewController.swift */ = {isa = PBXFileReference; lastKnownFileType = sourcecode.swift; path = PokemonDetailTableViewController.swift; sourceTree = "<group>"; };
		F25835782BDA984F00D3E972 /* DetailCollectionViewCell.swift */ = {isa = PBXFileReference; lastKnownFileType = sourcecode.swift; path = DetailCollectionViewCell.swift; sourceTree = "<group>"; };
		F2B791472BDFE8FF00A92385 /* TypingSwiftUIView.swift */ = {isa = PBXFileReference; lastKnownFileType = sourcecode.swift; path = TypingSwiftUIView.swift; sourceTree = "<group>"; };
/* End PBXFileReference section */

/* Begin PBXFrameworksBuildPhase section */
		319661652BE139FE00FE0A52 /* Frameworks */ = {
			isa = PBXFrameworksBuildPhase;
			buildActionMask = 2147483647;
			files = (
			);
			runOnlyForDeploymentPostprocessing = 0;
		};
		A38B12DC2B4EE879003D33D8 /* Frameworks */ = {
			isa = PBXFrameworksBuildPhase;
			buildActionMask = 2147483647;
			files = (
			);
			runOnlyForDeploymentPostprocessing = 0;
		};
/* End PBXFrameworksBuildPhase section */

/* Begin PBXGroup section */
		319661692BE139FE00FE0A52 /* PokedexUnitTests */ = {
			isa = PBXGroup;
			children = (
				3196616A2BE139FE00FE0A52 /* PokedexUnitTests.swift */,
				319661732BE13CF100FE0A52 /* TestPokemon.swift */,
			);
			path = PokedexUnitTests;
			sourceTree = "<group>";
		};
		4A6BBBEE2BCEC03100ACE001 /* StoryBoards */ = {
			isa = PBXGroup;
			children = (

				4A6BBBFF2BCED41500ACE001 /* TeamView.storyboard */,
				4A893BD92BE1334300CCDE0B /* PokemonMoves.storyboard */,
				317B72072BDFE5550049A06D /* AbilitiesView.storyboard */,
				4A6BBBFC2BCECF6C00ACE001 /* FavoritePokemonView.storyboard */,
				A38B12E82B4EE879003D33D8 /* Main.storyboard */,
				4A6BBBEF2BCEC54600ACE001 /* PokemonDetail.storyboard */,
				F2B791472BDFE8FF00A92385 /* TypingSwiftUIView.swift */,
			);
			path = StoryBoards;
			sourceTree = "<group>";
		};
		A38B12D62B4EE879003D33D8 = {
			isa = PBXGroup;
			children = (
				A38B12E12B4EE879003D33D8 /* Pokedex */,
				319661692BE139FE00FE0A52 /* PokedexUnitTests */,
				A38B12E02B4EE879003D33D8 /* Products */,
			);
			sourceTree = "<group>";
		};
		A38B12E02B4EE879003D33D8 /* Products */ = {
			isa = PBXGroup;
			children = (
				A38B12DF2B4EE879003D33D8 /* Pokedex.app */,
				319661682BE139FE00FE0A52 /* PokedexUnitTests.xctest */,
			);
			name = Products;
			sourceTree = "<group>";
		};
		A38B12E12B4EE879003D33D8 /* Pokedex */ = {
			isa = PBXGroup;
			children = (
				A38B130E2B4EFD52003D33D8 /* ViewControllers */,
				A38B13012B4EEE09003D33D8 /* Controllers */,
				A38B12FA2B4EED3C003D33D8 /* Models */,
				4A6BBBEE2BCEC03100ACE001 /* StoryBoards */,
				A38B12E22B4EE879003D33D8 /* AppDelegate.swift */,
				A38B12E42B4EE879003D33D8 /* SceneDelegate.swift */,
				A38B12EB2B4EE87A003D33D8 /* Assets.xcassets */,
				A38B12ED2B4EE87A003D33D8 /* LaunchScreen.storyboard */,
				A38B12F02B4EE87A003D33D8 /* Info.plist */,
			);
			path = Pokedex;
			sourceTree = "<group>";
		};
		A38B12FA2B4EED3C003D33D8 /* Models */ = {
			isa = PBXGroup;
			children = (
				A38B12F82B4EEB65003D33D8 /* Pokemon.swift */,
				4A893BD72BDFF21600CCDE0B /* PokemonMove.swift */,
				3152CB0F2BD15D8800BB5980 /* PokemonTeam.swift */,
				4A6BBC0E2BD07A5800ACE001 /* PokemonEvolution.swift */,
				4A6BBC122BD165D000ACE001 /* PokemonSpecies.swift */,
				4A6BBC062BCF01B700ACE001 /* PokemonDamageRelations.swift */,
				4A6BBC042BCEFCED00ACE001 /* PokemonStats.swift */,
				4A6BBC022BCED7A000ACE001 /* PokemonAbilities.swift */,
				A38B12FB2B4EED69003D33D8 /* PokemonTypeContainer.swift */,
				A38B12FF2B4EED94003D33D8 /* PokemonSprites.swift */,
				A38B13042B4EEFB1003D33D8 /* PokemonGenericSearch.swift */,
				A38B13062B4EEFF5003D33D8 /* PokemonGenericSearchResults.swift */,
				4A893BD32BDAA93D00CCDE0B /* PokemonGenerationSearch.swift */,
				A38B13082B4EF1CB003D33D8 /* API.swift */,
				4A893BD52BDC04BB00CCDE0B /* FetchAPIModels.swift */,
				A38B130C2B4EFBD5003D33D8 /* UIImageViewExtension.swift */,
				4A893BCF2BD6ADE300CCDE0B /* Type.swift */,
			);
			path = Models;
			sourceTree = "<group>";
		};
		A38B13012B4EEE09003D33D8 /* Controllers */ = {
			isa = PBXGroup;
			children = (
				4A893BCD2BD2D18500CCDE0B /* PokemonPrettyController.swift */,
				4A6BBC142BD1A97100ACE001 /* Protocols.swift */,
				3152CB192BD6A00200BB5980 /* TeamController.swift */,
				A38B13022B4EEE28003D33D8 /* PokemonNetworkController.swift */,
				3152CB1D2BD6C39D00BB5980 /* PokemonPersistenceController.swift */,
			);
			path = Controllers;
			sourceTree = "<group>";
		};
		A38B130E2B4EFD52003D33D8 /* ViewControllers */ = {
			isa = PBXGroup;
			children = (
				4A893BDF2BE2955400CCDE0B /* MovesDetailViewController.swift */,
				4A893BDB2BE148A300CCDE0B /* PokemonMovesViewController.swift */,
				4A893BDD2BE148DB00CCDE0B /* PokemonMovesCollectionViewCell.swift */,
				4A6BBC082BD0176300ACE001 /* FavoritePokemonViewController.swift */,
				4A6BBC0A2BD01C1B00ACE001 /* FavoritePokemonCollectionViewCell.swift */,
				A38B130A2B4EF8E4003D33D8 /* PokemonTableViewCell.swift */,
				A38B12F62B4EEB43003D33D8 /* PokemonSearchViewController.swift */,
				F25835762BD8042000D3E972 /* PokemonDetailTableViewController.swift */,
				F25835782BDA984F00D3E972 /* DetailCollectionViewCell.swift */,
				3152CB112BD15E3F00BB5980 /* TeamViewController.swift */,
				319661752BE1BC3500FE0A52 /* PokemonTeamViewController.swift */,
				3152CB132BD1650400BB5980 /* TeamTableViewCell.swift */,
				3152CB152BD1D98500BB5980 /* AddTeamViewController.swift */,
				317B720F2BDFF0F80049A06D /* PokemonAbilitiesTableViewController.swift */,
				317B72112BDFF1210049A06D /* PokemonAbilityTableViewCell.swift */,
			);
			path = ViewControllers;
			sourceTree = "<group>";
		};
/* End PBXGroup section */

/* Begin PBXNativeTarget section */
		319661672BE139FE00FE0A52 /* PokedexUnitTests */ = {
			isa = PBXNativeTarget;
			buildConfigurationList = 319661702BE139FE00FE0A52 /* Build configuration list for PBXNativeTarget "PokedexUnitTests" */;
			buildPhases = (
				319661642BE139FE00FE0A52 /* Sources */,
				319661652BE139FE00FE0A52 /* Frameworks */,
				319661662BE139FE00FE0A52 /* Resources */,
			);
			buildRules = (
			);
			dependencies = (
				3196616D2BE139FE00FE0A52 /* PBXTargetDependency */,
			);
			name = PokedexUnitTests;
			productName = PokedexUnitTests;
			productReference = 319661682BE139FE00FE0A52 /* PokedexUnitTests.xctest */;
			productType = "com.apple.product-type.bundle.unit-test";
		};
		A38B12DE2B4EE879003D33D8 /* Pokedex */ = {
			isa = PBXNativeTarget;
			buildConfigurationList = A38B12F32B4EE87A003D33D8 /* Build configuration list for PBXNativeTarget "Pokedex" */;
			buildPhases = (
				A38B12DB2B4EE879003D33D8 /* Sources */,
				A38B12DC2B4EE879003D33D8 /* Frameworks */,
				A38B12DD2B4EE879003D33D8 /* Resources */,
			);
			buildRules = (
			);
			dependencies = (
			);
			name = Pokedex;
			productName = Pokedex;
			productReference = A38B12DF2B4EE879003D33D8 /* Pokedex.app */;
			productType = "com.apple.product-type.application";
		};
/* End PBXNativeTarget section */

/* Begin PBXProject section */
		A38B12D72B4EE879003D33D8 /* Project object */ = {
			isa = PBXProject;
			attributes = {
				BuildIndependentTargetsInParallel = 1;
				LastSwiftUpdateCheck = 1500;
				LastUpgradeCheck = 1500;
				TargetAttributes = {
					319661672BE139FE00FE0A52 = {
						CreatedOnToolsVersion = 15.0;
						TestTargetID = A38B12DE2B4EE879003D33D8;
					};
					A38B12DE2B4EE879003D33D8 = {
						CreatedOnToolsVersion = 15.0.1;
					};
				};
			};
			buildConfigurationList = A38B12DA2B4EE879003D33D8 /* Build configuration list for PBXProject "Pokedex" */;
			compatibilityVersion = "Xcode 14.0";
			developmentRegion = en;
			hasScannedForEncodings = 0;
			knownRegions = (
				en,
				Base,
			);
			mainGroup = A38B12D62B4EE879003D33D8;
			productRefGroup = A38B12E02B4EE879003D33D8 /* Products */;
			projectDirPath = "";
			projectRoot = "";
			targets = (
				A38B12DE2B4EE879003D33D8 /* Pokedex */,
				319661672BE139FE00FE0A52 /* PokedexUnitTests */,
			);
		};
/* End PBXProject section */

/* Begin PBXResourcesBuildPhase section */
		319661662BE139FE00FE0A52 /* Resources */ = {
			isa = PBXResourcesBuildPhase;
			buildActionMask = 2147483647;
			files = (
			);
			runOnlyForDeploymentPostprocessing = 0;
		};
		A38B12DD2B4EE879003D33D8 /* Resources */ = {
			isa = PBXResourcesBuildPhase;
			buildActionMask = 2147483647;
			files = (
				4A6BBC012BCED41500ACE001 /* TeamView.storyboard in Resources */,
				A38B12EF2B4EE87A003D33D8 /* LaunchScreen.storyboard in Resources */,
				A38B12EC2B4EE87A003D33D8 /* Assets.xcassets in Resources */,
				4A893BDA2BE1334300CCDE0B /* PokemonMoves.storyboard in Resources */,
				A38B12EA2B4EE879003D33D8 /* Main.storyboard in Resources */,
				317B72082BDFE5550049A06D /* AbilitiesView.storyboard in Resources */,
				4A6BBBFE2BCECF6C00ACE001 /* FavoritePokemonView.storyboard in Resources */,
				4A6BBBF02BCEC54600ACE001 /* PokemonDetail.storyboard in Resources */,
			);
			runOnlyForDeploymentPostprocessing = 0;
		};
/* End PBXResourcesBuildPhase section */

/* Begin PBXSourcesBuildPhase section */
		319661642BE139FE00FE0A52 /* Sources */ = {
			isa = PBXSourcesBuildPhase;
			buildActionMask = 2147483647;
			files = (
				3196616B2BE139FE00FE0A52 /* PokedexUnitTests.swift in Sources */,
				319661742BE13CF100FE0A52 /* TestPokemon.swift in Sources */,
			);
			runOnlyForDeploymentPostprocessing = 0;
		};
		A38B12DB2B4EE879003D33D8 /* Sources */ = {
			isa = PBXSourcesBuildPhase;
			buildActionMask = 2147483647;
			files = (
				319661762BE1BC3500FE0A52 /* PokemonTeamViewController.swift in Sources */,
				A38B12F92B4EEB65003D33D8 /* Pokemon.swift in Sources */,
				4A6BBC032BCED7A000ACE001 /* PokemonAbilities.swift in Sources */,
				A38B130B2B4EF8E4003D33D8 /* PokemonTableViewCell.swift in Sources */,
				317B72102BDFF0F80049A06D /* PokemonAbilitiesTableViewController.swift in Sources */,
				A38B13072B4EEFF5003D33D8 /* PokemonGenericSearchResults.swift in Sources */,
				4A6BBC152BD1A97100ACE001 /* Protocols.swift in Sources */,
				F25835772BD8042000D3E972 /* PokemonDetailTableViewController.swift in Sources */,
				4A893BD82BDFF21600CCDE0B /* PokemonMove.swift in Sources */,
				4A6BBC052BCEFCED00ACE001 /* PokemonStats.swift in Sources */,
				3152CB162BD1D98500BB5980 /* AddTeamViewController.swift in Sources */,
				3152CB1A2BD6A00200BB5980 /* TeamController.swift in Sources */,
				A38B13032B4EEE28003D33D8 /* PokemonNetworkController.swift in Sources */,
				A38B13002B4EED94003D33D8 /* PokemonSprites.swift in Sources */,
				4A893BD42BDAA93D00CCDE0B /* PokemonGenerationSearch.swift in Sources */,
				3152CB142BD1650400BB5980 /* TeamTableViewCell.swift in Sources */,
				A38B12E32B4EE879003D33D8 /* AppDelegate.swift in Sources */,
				A38B13052B4EEFB1003D33D8 /* PokemonGenericSearch.swift in Sources */,
				A38B130D2B4EFBD5003D33D8 /* UIImageViewExtension.swift in Sources */,
				3152CB122BD15E3F00BB5980 /* TeamViewController.swift in Sources */,
				4A6BBC0F2BD07A5800ACE001 /* PokemonEvolution.swift in Sources */,
				4A893BCE2BD2D18500CCDE0B /* PokemonPrettyController.swift in Sources */,
				4A6BBC0B2BD01C1B00ACE001 /* FavoritePokemonCollectionViewCell.swift in Sources */,
				F2B791482BDFE8FF00A92385 /* TypingSwiftUIView.swift in Sources */,
				3152CB102BD15D8800BB5980 /* PokemonTeam.swift in Sources */,
				4A6BBC072BCF01B700ACE001 /* PokemonDamageRelations.swift in Sources */,
				4A6BBC092BD0176300ACE001 /* FavoritePokemonViewController.swift in Sources */,
				4A893BD62BDC04BB00CCDE0B /* FetchAPIModels.swift in Sources */,
				4A6BBC132BD165D000ACE001 /* PokemonSpecies.swift in Sources */,
				4A893BDC2BE148A300CCDE0B /* PokemonMovesViewController.swift in Sources */,
				F25835792BDA984F00D3E972 /* DetailCollectionViewCell.swift in Sources */,
				A38B12E52B4EE879003D33D8 /* SceneDelegate.swift in Sources */,
				A38B12F72B4EEB43003D33D8 /* PokemonSearchViewController.swift in Sources */,
				4A893BE02BE2955400CCDE0B /* MovesDetailViewController.swift in Sources */,
				A38B12FC2B4EED69003D33D8 /* PokemonTypeContainer.swift in Sources */,
				317B72122BDFF1210049A06D /* PokemonAbilityTableViewCell.swift in Sources */,
				A38B13092B4EF1CB003D33D8 /* API.swift in Sources */,
				4A893BD02BD6ADE300CCDE0B /* Type.swift in Sources */,
				3152CB1E2BD6C39D00BB5980 /* PokemonPersistenceController.swift in Sources */,
				4A893BDE2BE148DB00CCDE0B /* PokemonMovesCollectionViewCell.swift in Sources */,
			);
			runOnlyForDeploymentPostprocessing = 0;
		};
/* End PBXSourcesBuildPhase section */

/* Begin PBXTargetDependency section */
		3196616D2BE139FE00FE0A52 /* PBXTargetDependency */ = {
			isa = PBXTargetDependency;
			target = A38B12DE2B4EE879003D33D8 /* Pokedex */;
			targetProxy = 3196616C2BE139FE00FE0A52 /* PBXContainerItemProxy */;
		};
/* End PBXTargetDependency section */

/* Begin PBXVariantGroup section */
		4A6BBBFC2BCECF6C00ACE001 /* FavoritePokemonView.storyboard */ = {
			isa = PBXVariantGroup;
			children = (
				4A6BBBFD2BCECF6C00ACE001 /* Base */,
			);
			name = FavoritePokemonView.storyboard;
			sourceTree = "<group>";
		};
		4A6BBBFF2BCED41500ACE001 /* TeamView.storyboard */ = {
			isa = PBXVariantGroup;
			children = (
				4A6BBC002BCED41500ACE001 /* Base */,
			);
			name = TeamView.storyboard;
			sourceTree = "<group>";
		};
		A38B12E82B4EE879003D33D8 /* Main.storyboard */ = {
			isa = PBXVariantGroup;
			children = (
				A38B12E92B4EE879003D33D8 /* Base */,
			);
			name = Main.storyboard;
			sourceTree = "<group>";
		};
		A38B12ED2B4EE87A003D33D8 /* LaunchScreen.storyboard */ = {
			isa = PBXVariantGroup;
			children = (
				A38B12EE2B4EE87A003D33D8 /* Base */,
			);
			name = LaunchScreen.storyboard;
			sourceTree = "<group>";
		};
/* End PBXVariantGroup section */

/* Begin XCBuildConfiguration section */
		3196616E2BE139FE00FE0A52 /* Debug */ = {
			isa = XCBuildConfiguration;
			buildSettings = {
				BUNDLE_LOADER = "$(TEST_HOST)";
				CODE_SIGN_STYLE = Automatic;
				CURRENT_PROJECT_VERSION = 1;
				DEVELOPMENT_TEAM = B94244JN36;
				GENERATE_INFOPLIST_FILE = YES;
				MARKETING_VERSION = 1.0;
				PRODUCT_BUNDLE_IDENTIFIER = "com.Austin-Dobberfuhl.PokedexUnitTests";
				PRODUCT_NAME = "$(TARGET_NAME)";
				SWIFT_EMIT_LOC_STRINGS = NO;
				SWIFT_VERSION = 5.0;
				TARGETED_DEVICE_FAMILY = "1,2";
				TEST_HOST = "$(BUILT_PRODUCTS_DIR)/Pokedex.app/$(BUNDLE_EXECUTABLE_FOLDER_PATH)/Pokedex";
			};
			name = Debug;
		};
		3196616F2BE139FE00FE0A52 /* Release */ = {
			isa = XCBuildConfiguration;
			buildSettings = {
				BUNDLE_LOADER = "$(TEST_HOST)";
				CODE_SIGN_STYLE = Automatic;
				CURRENT_PROJECT_VERSION = 1;
				DEVELOPMENT_TEAM = B94244JN36;
				GENERATE_INFOPLIST_FILE = YES;
				MARKETING_VERSION = 1.0;
				PRODUCT_BUNDLE_IDENTIFIER = "com.Austin-Dobberfuhl.PokedexUnitTests";
				PRODUCT_NAME = "$(TARGET_NAME)";
				SWIFT_EMIT_LOC_STRINGS = NO;
				SWIFT_VERSION = 5.0;
				TARGETED_DEVICE_FAMILY = "1,2";
				TEST_HOST = "$(BUILT_PRODUCTS_DIR)/Pokedex.app/$(BUNDLE_EXECUTABLE_FOLDER_PATH)/Pokedex";
			};
			name = Release;
		};
		A38B12F12B4EE87A003D33D8 /* Debug */ = {
			isa = XCBuildConfiguration;
			buildSettings = {
				ALWAYS_SEARCH_USER_PATHS = NO;
				ASSETCATALOG_COMPILER_GENERATE_SWIFT_ASSET_SYMBOL_EXTENSIONS = YES;
				CLANG_ANALYZER_NONNULL = YES;
				CLANG_ANALYZER_NUMBER_OBJECT_CONVERSION = YES_AGGRESSIVE;
				CLANG_CXX_LANGUAGE_STANDARD = "gnu++20";
				CLANG_ENABLE_MODULES = YES;
				CLANG_ENABLE_OBJC_ARC = YES;
				CLANG_ENABLE_OBJC_WEAK = YES;
				CLANG_WARN_BLOCK_CAPTURE_AUTORELEASING = YES;
				CLANG_WARN_BOOL_CONVERSION = YES;
				CLANG_WARN_COMMA = YES;
				CLANG_WARN_CONSTANT_CONVERSION = YES;
				CLANG_WARN_DEPRECATED_OBJC_IMPLEMENTATIONS = YES;
				CLANG_WARN_DIRECT_OBJC_ISA_USAGE = YES_ERROR;
				CLANG_WARN_DOCUMENTATION_COMMENTS = YES;
				CLANG_WARN_EMPTY_BODY = YES;
				CLANG_WARN_ENUM_CONVERSION = YES;
				CLANG_WARN_INFINITE_RECURSION = YES;
				CLANG_WARN_INT_CONVERSION = YES;
				CLANG_WARN_NON_LITERAL_NULL_CONVERSION = YES;
				CLANG_WARN_OBJC_IMPLICIT_RETAIN_SELF = YES;
				CLANG_WARN_OBJC_LITERAL_CONVERSION = YES;
				CLANG_WARN_OBJC_ROOT_CLASS = YES_ERROR;
				CLANG_WARN_QUOTED_INCLUDE_IN_FRAMEWORK_HEADER = YES;
				CLANG_WARN_RANGE_LOOP_ANALYSIS = YES;
				CLANG_WARN_STRICT_PROTOTYPES = YES;
				CLANG_WARN_SUSPICIOUS_MOVE = YES;
				CLANG_WARN_UNGUARDED_AVAILABILITY = YES_AGGRESSIVE;
				CLANG_WARN_UNREACHABLE_CODE = YES;
				CLANG_WARN__DUPLICATE_METHOD_MATCH = YES;
				COPY_PHASE_STRIP = NO;
				DEBUG_INFORMATION_FORMAT = dwarf;
				ENABLE_STRICT_OBJC_MSGSEND = YES;
				ENABLE_TESTABILITY = YES;
				ENABLE_USER_SCRIPT_SANDBOXING = YES;
				GCC_C_LANGUAGE_STANDARD = gnu17;
				GCC_DYNAMIC_NO_PIC = NO;
				GCC_NO_COMMON_BLOCKS = YES;
				GCC_OPTIMIZATION_LEVEL = 0;
				GCC_PREPROCESSOR_DEFINITIONS = (
					"DEBUG=1",
					"$(inherited)",
				);
				GCC_WARN_64_TO_32_BIT_CONVERSION = YES;
				GCC_WARN_ABOUT_RETURN_TYPE = YES_ERROR;
				GCC_WARN_UNDECLARED_SELECTOR = YES;
				GCC_WARN_UNINITIALIZED_AUTOS = YES_AGGRESSIVE;
				GCC_WARN_UNUSED_FUNCTION = YES;
				GCC_WARN_UNUSED_VARIABLE = YES;
				IPHONEOS_DEPLOYMENT_TARGET = 17.0;
				LOCALIZATION_PREFERS_STRING_CATALOGS = YES;
				MTL_ENABLE_DEBUG_INFO = INCLUDE_SOURCE;
				MTL_FAST_MATH = YES;
				ONLY_ACTIVE_ARCH = YES;
				SDKROOT = iphoneos;
				SWIFT_ACTIVE_COMPILATION_CONDITIONS = "DEBUG $(inherited)";
				SWIFT_OPTIMIZATION_LEVEL = "-Onone";
			};
			name = Debug;
		};
		A38B12F22B4EE87A003D33D8 /* Release */ = {
			isa = XCBuildConfiguration;
			buildSettings = {
				ALWAYS_SEARCH_USER_PATHS = NO;
				ASSETCATALOG_COMPILER_GENERATE_SWIFT_ASSET_SYMBOL_EXTENSIONS = YES;
				CLANG_ANALYZER_NONNULL = YES;
				CLANG_ANALYZER_NUMBER_OBJECT_CONVERSION = YES_AGGRESSIVE;
				CLANG_CXX_LANGUAGE_STANDARD = "gnu++20";
				CLANG_ENABLE_MODULES = YES;
				CLANG_ENABLE_OBJC_ARC = YES;
				CLANG_ENABLE_OBJC_WEAK = YES;
				CLANG_WARN_BLOCK_CAPTURE_AUTORELEASING = YES;
				CLANG_WARN_BOOL_CONVERSION = YES;
				CLANG_WARN_COMMA = YES;
				CLANG_WARN_CONSTANT_CONVERSION = YES;
				CLANG_WARN_DEPRECATED_OBJC_IMPLEMENTATIONS = YES;
				CLANG_WARN_DIRECT_OBJC_ISA_USAGE = YES_ERROR;
				CLANG_WARN_DOCUMENTATION_COMMENTS = YES;
				CLANG_WARN_EMPTY_BODY = YES;
				CLANG_WARN_ENUM_CONVERSION = YES;
				CLANG_WARN_INFINITE_RECURSION = YES;
				CLANG_WARN_INT_CONVERSION = YES;
				CLANG_WARN_NON_LITERAL_NULL_CONVERSION = YES;
				CLANG_WARN_OBJC_IMPLICIT_RETAIN_SELF = YES;
				CLANG_WARN_OBJC_LITERAL_CONVERSION = YES;
				CLANG_WARN_OBJC_ROOT_CLASS = YES_ERROR;
				CLANG_WARN_QUOTED_INCLUDE_IN_FRAMEWORK_HEADER = YES;
				CLANG_WARN_RANGE_LOOP_ANALYSIS = YES;
				CLANG_WARN_STRICT_PROTOTYPES = YES;
				CLANG_WARN_SUSPICIOUS_MOVE = YES;
				CLANG_WARN_UNGUARDED_AVAILABILITY = YES_AGGRESSIVE;
				CLANG_WARN_UNREACHABLE_CODE = YES;
				CLANG_WARN__DUPLICATE_METHOD_MATCH = YES;
				COPY_PHASE_STRIP = NO;
				DEBUG_INFORMATION_FORMAT = "dwarf-with-dsym";
				ENABLE_NS_ASSERTIONS = NO;
				ENABLE_STRICT_OBJC_MSGSEND = YES;
				ENABLE_USER_SCRIPT_SANDBOXING = YES;
				GCC_C_LANGUAGE_STANDARD = gnu17;
				GCC_NO_COMMON_BLOCKS = YES;
				GCC_WARN_64_TO_32_BIT_CONVERSION = YES;
				GCC_WARN_ABOUT_RETURN_TYPE = YES_ERROR;
				GCC_WARN_UNDECLARED_SELECTOR = YES;
				GCC_WARN_UNINITIALIZED_AUTOS = YES_AGGRESSIVE;
				GCC_WARN_UNUSED_FUNCTION = YES;
				GCC_WARN_UNUSED_VARIABLE = YES;
				IPHONEOS_DEPLOYMENT_TARGET = 17.0;
				LOCALIZATION_PREFERS_STRING_CATALOGS = YES;
				MTL_ENABLE_DEBUG_INFO = NO;
				MTL_FAST_MATH = YES;
				SDKROOT = iphoneos;
				SWIFT_COMPILATION_MODE = wholemodule;
				VALIDATE_PRODUCT = YES;
			};
			name = Release;
		};
		A38B12F42B4EE87A003D33D8 /* Debug */ = {
			isa = XCBuildConfiguration;
			buildSettings = {
				ASSETCATALOG_COMPILER_APPICON_NAME = AppIcon;
				ASSETCATALOG_COMPILER_GLOBAL_ACCENT_COLOR_NAME = AccentColor;
				CODE_SIGN_STYLE = Automatic;
				CURRENT_PROJECT_VERSION = 1;
				DEVELOPMENT_TEAM = 675SH673K8;
				GENERATE_INFOPLIST_FILE = YES;
				INFOPLIST_FILE = Pokedex/Info.plist;
				INFOPLIST_KEY_UIApplicationSupportsIndirectInputEvents = YES;
				INFOPLIST_KEY_UILaunchStoryboardName = LaunchScreen;
				INFOPLIST_KEY_UIMainStoryboardFile = Main;
				INFOPLIST_KEY_UISupportedInterfaceOrientations_iPad = "UIInterfaceOrientationPortrait UIInterfaceOrientationPortraitUpsideDown UIInterfaceOrientationLandscapeLeft UIInterfaceOrientationLandscapeRight";
				INFOPLIST_KEY_UISupportedInterfaceOrientations_iPhone = "UIInterfaceOrientationPortrait UIInterfaceOrientationLandscapeLeft UIInterfaceOrientationLandscapeRight";
				LD_RUNPATH_SEARCH_PATHS = (
					"$(inherited)",
					"@executable_path/Frameworks",
				);
				MARKETING_VERSION = 1.0;
				PRODUCT_BUNDLE_IDENTIFIER = com.braydenlemke.Pokedex;
				PRODUCT_NAME = "$(TARGET_NAME)";
				SWIFT_EMIT_LOC_STRINGS = YES;
				SWIFT_VERSION = 5.0;
				TARGETED_DEVICE_FAMILY = "1,2";
			};
			name = Debug;
		};
		A38B12F52B4EE87A003D33D8 /* Release */ = {
			isa = XCBuildConfiguration;
			buildSettings = {
				ASSETCATALOG_COMPILER_APPICON_NAME = AppIcon;
				ASSETCATALOG_COMPILER_GLOBAL_ACCENT_COLOR_NAME = AccentColor;
				CODE_SIGN_STYLE = Automatic;
				CURRENT_PROJECT_VERSION = 1;
				DEVELOPMENT_TEAM = 675SH673K8;
				GENERATE_INFOPLIST_FILE = YES;
				INFOPLIST_FILE = Pokedex/Info.plist;
				INFOPLIST_KEY_UIApplicationSupportsIndirectInputEvents = YES;
				INFOPLIST_KEY_UILaunchStoryboardName = LaunchScreen;
				INFOPLIST_KEY_UIMainStoryboardFile = Main;
				INFOPLIST_KEY_UISupportedInterfaceOrientations_iPad = "UIInterfaceOrientationPortrait UIInterfaceOrientationPortraitUpsideDown UIInterfaceOrientationLandscapeLeft UIInterfaceOrientationLandscapeRight";
				INFOPLIST_KEY_UISupportedInterfaceOrientations_iPhone = "UIInterfaceOrientationPortrait UIInterfaceOrientationLandscapeLeft UIInterfaceOrientationLandscapeRight";
				LD_RUNPATH_SEARCH_PATHS = (
					"$(inherited)",
					"@executable_path/Frameworks",
				);
				MARKETING_VERSION = 1.0;
				PRODUCT_BUNDLE_IDENTIFIER = com.braydenlemke.Pokedex;
				PRODUCT_NAME = "$(TARGET_NAME)";
				SWIFT_EMIT_LOC_STRINGS = YES;
				SWIFT_VERSION = 5.0;
				TARGETED_DEVICE_FAMILY = "1,2";
			};
			name = Release;
		};
/* End XCBuildConfiguration section */

/* Begin XCConfigurationList section */
		319661702BE139FE00FE0A52 /* Build configuration list for PBXNativeTarget "PokedexUnitTests" */ = {
			isa = XCConfigurationList;
			buildConfigurations = (
				3196616E2BE139FE00FE0A52 /* Debug */,
				3196616F2BE139FE00FE0A52 /* Release */,
			);
			defaultConfigurationIsVisible = 0;
			defaultConfigurationName = Release;
		};
		A38B12DA2B4EE879003D33D8 /* Build configuration list for PBXProject "Pokedex" */ = {
			isa = XCConfigurationList;
			buildConfigurations = (
				A38B12F12B4EE87A003D33D8 /* Debug */,
				A38B12F22B4EE87A003D33D8 /* Release */,
			);
			defaultConfigurationIsVisible = 0;
			defaultConfigurationName = Release;
		};
		A38B12F32B4EE87A003D33D8 /* Build configuration list for PBXNativeTarget "Pokedex" */ = {
			isa = XCConfigurationList;
			buildConfigurations = (
				A38B12F42B4EE87A003D33D8 /* Debug */,
				A38B12F52B4EE87A003D33D8 /* Release */,
			);
			defaultConfigurationIsVisible = 0;
			defaultConfigurationName = Release;
		};
/* End XCConfigurationList section */
	};
	rootObject = A38B12D72B4EE879003D33D8 /* Project object */;
}
