// !$*UTF8*$!
{
	archiveVersion = 1;
	classes = {
	};
	objectVersion = 56;
	objects = {

/* Begin PBXBuildFile section */
		A38B12E32B4EE879003D33D8 /* AppDelegate.swift in Sources */ = {isa = PBXBuildFile; fileRef = A38B12E22B4EE879003D33D8 /* AppDelegate.swift */; };
		A38B12E52B4EE879003D33D8 /* SceneDelegate.swift in Sources */ = {isa = PBXBuildFile; fileRef = A38B12E42B4EE879003D33D8 /* SceneDelegate.swift */; };
		A38B12E72B4EE879003D33D8 /* PokemonDetailViewController.swift in Sources */ = {isa = PBXBuildFile; fileRef = A38B12E62B4EE879003D33D8 /* PokemonDetailViewController.swift */; };
		A38B12EA2B4EE879003D33D8 /* Main.storyboard in Resources */ = {isa = PBXBuildFile; fileRef = A38B12E82B4EE879003D33D8 /* Main.storyboard */; };
		A38B12EC2B4EE87A003D33D8 /* Assets.xcassets in Resources */ = {isa = PBXBuildFile; fileRef = A38B12EB2B4EE87A003D33D8 /* Assets.xcassets */; };
		A38B12EF2B4EE87A003D33D8 /* LaunchScreen.storyboard in Resources */ = {isa = PBXBuildFile; fileRef = A38B12ED2B4EE87A003D33D8 /* LaunchScreen.storyboard */; };
		A38B12F72B4EEB43003D33D8 /* PokemonSearchTableViewController.swift in Sources */ = {isa = PBXBuildFile; fileRef = A38B12F62B4EEB43003D33D8 /* PokemonSearchTableViewController.swift */; };
		A38B12F92B4EEB65003D33D8 /* Pokemon.swift in Sources */ = {isa = PBXBuildFile; fileRef = A38B12F82B4EEB65003D33D8 /* Pokemon.swift */; };
		A38B12FC2B4EED69003D33D8 /* PokemonTypeContainer.swift in Sources */ = {isa = PBXBuildFile; fileRef = A38B12FB2B4EED69003D33D8 /* PokemonTypeContainer.swift */; };
		A38B12FE2B4EED7C003D33D8 /* PokemonType.swift in Sources */ = {isa = PBXBuildFile; fileRef = A38B12FD2B4EED7C003D33D8 /* PokemonType.swift */; };
		A38B13002B4EED94003D33D8 /* PokemonSprites.swift in Sources */ = {isa = PBXBuildFile; fileRef = A38B12FF2B4EED94003D33D8 /* PokemonSprites.swift */; };
		A38B13032B4EEE28003D33D8 /* PokemonController.swift in Sources */ = {isa = PBXBuildFile; fileRef = A38B13022B4EEE28003D33D8 /* PokemonController.swift */; };
		A38B13052B4EEFB1003D33D8 /* PokemonGenericSearch.swift in Sources */ = {isa = PBXBuildFile; fileRef = A38B13042B4EEFB1003D33D8 /* PokemonGenericSearch.swift */; };
		A38B13072B4EEFF5003D33D8 /* PokemonGenericSearchResults.swift in Sources */ = {isa = PBXBuildFile; fileRef = A38B13062B4EEFF5003D33D8 /* PokemonGenericSearchResults.swift */; };
		A38B13092B4EF1CB003D33D8 /* API.swift in Sources */ = {isa = PBXBuildFile; fileRef = A38B13082B4EF1CB003D33D8 /* API.swift */; };
		A38B130B2B4EF8E4003D33D8 /* PokemonTableViewCell.swift in Sources */ = {isa = PBXBuildFile; fileRef = A38B130A2B4EF8E4003D33D8 /* PokemonTableViewCell.swift */; };
		A38B130D2B4EFBD5003D33D8 /* UIImageViewExtension.swift in Sources */ = {isa = PBXBuildFile; fileRef = A38B130C2B4EFBD5003D33D8 /* UIImageViewExtension.swift */; };
/* End PBXBuildFile section */

/* Begin PBXFileReference section */
		A38B12DF2B4EE879003D33D8 /* Pokedex.app */ = {isa = PBXFileReference; explicitFileType = wrapper.application; includeInIndex = 0; path = Pokedex.app; sourceTree = BUILT_PRODUCTS_DIR; };
		A38B12E22B4EE879003D33D8 /* AppDelegate.swift */ = {isa = PBXFileReference; lastKnownFileType = sourcecode.swift; path = AppDelegate.swift; sourceTree = "<group>"; };
		A38B12E42B4EE879003D33D8 /* SceneDelegate.swift */ = {isa = PBXFileReference; lastKnownFileType = sourcecode.swift; path = SceneDelegate.swift; sourceTree = "<group>"; };
		A38B12E62B4EE879003D33D8 /* PokemonDetailViewController.swift */ = {isa = PBXFileReference; lastKnownFileType = sourcecode.swift; path = PokemonDetailViewController.swift; sourceTree = "<group>"; };
		A38B12E92B4EE879003D33D8 /* Base */ = {isa = PBXFileReference; lastKnownFileType = file.storyboard; name = Base; path = Base.lproj/Main.storyboard; sourceTree = "<group>"; };
		A38B12EB2B4EE87A003D33D8 /* Assets.xcassets */ = {isa = PBXFileReference; lastKnownFileType = folder.assetcatalog; path = Assets.xcassets; sourceTree = "<group>"; };
		A38B12EE2B4EE87A003D33D8 /* Base */ = {isa = PBXFileReference; lastKnownFileType = file.storyboard; name = Base; path = Base.lproj/LaunchScreen.storyboard; sourceTree = "<group>"; };
		A38B12F02B4EE87A003D33D8 /* Info.plist */ = {isa = PBXFileReference; lastKnownFileType = text.plist.xml; path = Info.plist; sourceTree = "<group>"; };
		A38B12F62B4EEB43003D33D8 /* PokemonSearchTableViewController.swift */ = {isa = PBXFileReference; lastKnownFileType = sourcecode.swift; path = PokemonSearchTableViewController.swift; sourceTree = "<group>"; };
		A38B12F82B4EEB65003D33D8 /* Pokemon.swift */ = {isa = PBXFileReference; lastKnownFileType = sourcecode.swift; path = Pokemon.swift; sourceTree = "<group>"; };
		A38B12FB2B4EED69003D33D8 /* PokemonTypeContainer.swift */ = {isa = PBXFileReference; lastKnownFileType = sourcecode.swift; path = PokemonTypeContainer.swift; sourceTree = "<group>"; };
		A38B12FD2B4EED7C003D33D8 /* PokemonType.swift */ = {isa = PBXFileReference; lastKnownFileType = sourcecode.swift; path = PokemonType.swift; sourceTree = "<group>"; };
		A38B12FF2B4EED94003D33D8 /* PokemonSprites.swift */ = {isa = PBXFileReference; lastKnownFileType = sourcecode.swift; path = PokemonSprites.swift; sourceTree = "<group>"; };
		A38B13022B4EEE28003D33D8 /* PokemonController.swift */ = {isa = PBXFileReference; lastKnownFileType = sourcecode.swift; path = PokemonController.swift; sourceTree = "<group>"; };
		A38B13042B4EEFB1003D33D8 /* PokemonGenericSearch.swift */ = {isa = PBXFileReference; lastKnownFileType = sourcecode.swift; path = PokemonGenericSearch.swift; sourceTree = "<group>"; };
		A38B13062B4EEFF5003D33D8 /* PokemonGenericSearchResults.swift */ = {isa = PBXFileReference; lastKnownFileType = sourcecode.swift; path = PokemonGenericSearchResults.swift; sourceTree = "<group>"; };
		A38B13082B4EF1CB003D33D8 /* API.swift */ = {isa = PBXFileReference; lastKnownFileType = sourcecode.swift; path = API.swift; sourceTree = "<group>"; };
		A38B130A2B4EF8E4003D33D8 /* PokemonTableViewCell.swift */ = {isa = PBXFileReference; lastKnownFileType = sourcecode.swift; path = PokemonTableViewCell.swift; sourceTree = "<group>"; };
		A38B130C2B4EFBD5003D33D8 /* UIImageViewExtension.swift */ = {isa = PBXFileReference; lastKnownFileType = sourcecode.swift; path = UIImageViewExtension.swift; sourceTree = "<group>"; };
/* End PBXFileReference section */

/* Begin PBXFrameworksBuildPhase section */
		A38B12DC2B4EE879003D33D8 /* Frameworks */ = {
			isa = PBXFrameworksBuildPhase;
			buildActionMask = 2147483647;
			files = (
			);
			runOnlyForDeploymentPostprocessing = 0;
		};
/* End PBXFrameworksBuildPhase section */

/* Begin PBXGroup section */
		A38B12D62B4EE879003D33D8 = {
			isa = PBXGroup;
			children = (
				A38B12E12B4EE879003D33D8 /* Pokedex */,
				A38B12E02B4EE879003D33D8 /* Products */,
			);
			sourceTree = "<group>";
		};
		A38B12E02B4EE879003D33D8 /* Products */ = {
			isa = PBXGroup;
			children = (
				A38B12DF2B4EE879003D33D8 /* Pokedex.app */,
			);
			name = Products;
			sourceTree = "<group>";
		};
		A38B12E12B4EE879003D33D8 /* Pokedex */ = {
			isa = PBXGroup;
			children = (
				A38B130E2B4EFD52003D33D8 /* ViewControllers */,
				A38B13012B4EEE09003D33D8 /* Controllers */,
				A38B12FA2B4EED3C003D33D8 /* Models */,
				A38B12E22B4EE879003D33D8 /* AppDelegate.swift */,
				A38B12E42B4EE879003D33D8 /* SceneDelegate.swift */,
				A38B12E82B4EE879003D33D8 /* Main.storyboard */,
				A38B12EB2B4EE87A003D33D8 /* Assets.xcassets */,
				A38B12ED2B4EE87A003D33D8 /* LaunchScreen.storyboard */,
				A38B12F02B4EE87A003D33D8 /* Info.plist */,
			);
			path = Pokedex;
			sourceTree = "<group>";
		};
		A38B12FA2B4EED3C003D33D8 /* Models */ = {
			isa = PBXGroup;
			children = (
				A38B12F82B4EEB65003D33D8 /* Pokemon.swift */,
				A38B12FB2B4EED69003D33D8 /* PokemonTypeContainer.swift */,
				A38B12FD2B4EED7C003D33D8 /* PokemonType.swift */,
				A38B12FF2B4EED94003D33D8 /* PokemonSprites.swift */,
				A38B13042B4EEFB1003D33D8 /* PokemonGenericSearch.swift */,
				A38B13062B4EEFF5003D33D8 /* PokemonGenericSearchResults.swift */,
				A38B13082B4EF1CB003D33D8 /* API.swift */,
				A38B130C2B4EFBD5003D33D8 /* UIImageViewExtension.swift */,
			);
			path = Models;
			sourceTree = "<group>";
		};
		A38B13012B4EEE09003D33D8 /* Controllers */ = {
			isa = PBXGroup;
			children = (
				A38B13022B4EEE28003D33D8 /* PokemonController.swift */,
			);
			path = Controllers;
			sourceTree = "<group>";
		};
		A38B130E2B4EFD52003D33D8 /* ViewControllers */ = {
			isa = PBXGroup;
			children = (
				A38B130A2B4EF8E4003D33D8 /* PokemonTableViewCell.swift */,
				A38B12F62B4EEB43003D33D8 /* PokemonSearchTableViewController.swift */,
				A38B12E62B4EE879003D33D8 /* PokemonDetailViewController.swift */,
			);
			path = ViewControllers;
			sourceTree = "<group>";
		};
/* End PBXGroup section */

/* Begin PBXNativeTarget section */
		A38B12DE2B4EE879003D33D8 /* Pokedex */ = {
			isa = PBXNativeTarget;
			buildConfigurationList = A38B12F32B4EE87A003D33D8 /* Build configuration list for PBXNativeTarget "Pokedex" */;
			buildPhases = (
				A38B12DB2B4EE879003D33D8 /* Sources */,
				A38B12DC2B4EE879003D33D8 /* Frameworks */,
				A38B12DD2B4EE879003D33D8 /* Resources */,
			);
			buildRules = (
			);
			dependencies = (
			);
			name = Pokedex;
			productName = Pokedex;
			productReference = A38B12DF2B4EE879003D33D8 /* Pokedex.app */;
			productType = "com.apple.product-type.application";
		};
/* End PBXNativeTarget section */

/* Begin PBXProject section */
		A38B12D72B4EE879003D33D8 /* Project object */ = {
			isa = PBXProject;
			attributes = {
				BuildIndependentTargetsInParallel = 1;
				LastSwiftUpdateCheck = 1500;
				LastUpgradeCheck = 1500;
				TargetAttributes = {
					A38B12DE2B4EE879003D33D8 = {
						CreatedOnToolsVersion = 15.0.1;
					};
				};
			};
			buildConfigurationList = A38B12DA2B4EE879003D33D8 /* Build configuration list for PBXProject "Pokedex" */;
			compatibilityVersion = "Xcode 14.0";
			developmentRegion = en;
			hasScannedForEncodings = 0;
			knownRegions = (
				en,
				Base,
			);
			mainGroup = A38B12D62B4EE879003D33D8;
			productRefGroup = A38B12E02B4EE879003D33D8 /* Products */;
			projectDirPath = "";
			projectRoot = "";
			targets = (
				A38B12DE2B4EE879003D33D8 /* Pokedex */,
			);
		};
/* End PBXProject section */

/* Begin PBXResourcesBuildPhase section */
		A38B12DD2B4EE879003D33D8 /* Resources */ = {
			isa = PBXResourcesBuildPhase;
			buildActionMask = 2147483647;
			files = (
				A38B12EF2B4EE87A003D33D8 /* LaunchScreen.storyboard in Resources */,
				A38B12EC2B4EE87A003D33D8 /* Assets.xcassets in Resources */,
				A38B12EA2B4EE879003D33D8 /* Main.storyboard in Resources */,
			);
			runOnlyForDeploymentPostprocessing = 0;
		};
/* End PBXResourcesBuildPhase section */

/* Begin PBXSourcesBuildPhase section */
		A38B12DB2B4EE879003D33D8 /* Sources */ = {
			isa = PBXSourcesBuildPhase;
			buildActionMask = 2147483647;
			files = (
				A38B12F92B4EEB65003D33D8 /* Pokemon.swift in Sources */,
				A38B12E72B4EE879003D33D8 /* PokemonDetailViewController.swift in Sources */,
				A38B130B2B4EF8E4003D33D8 /* PokemonTableViewCell.swift in Sources */,
				A38B13072B4EEFF5003D33D8 /* PokemonGenericSearchResults.swift in Sources */,
				A38B13032B4EEE28003D33D8 /* PokemonController.swift in Sources */,
				A38B13002B4EED94003D33D8 /* PokemonSprites.swift in Sources */,
				A38B12E32B4EE879003D33D8 /* AppDelegate.swift in Sources */,
				A38B13052B4EEFB1003D33D8 /* PokemonGenericSearch.swift in Sources */,
				A38B130D2B4EFBD5003D33D8 /* UIImageViewExtension.swift in Sources */,
				A38B12E52B4EE879003D33D8 /* SceneDelegate.swift in Sources */,
				A38B12F72B4EEB43003D33D8 /* PokemonSearchTableViewController.swift in Sources */,
				A38B12FC2B4EED69003D33D8 /* PokemonTypeContainer.swift in Sources */,
				A38B13092B4EF1CB003D33D8 /* API.swift in Sources */,
				A38B12FE2B4EED7C003D33D8 /* PokemonType.swift in Sources */,
			);
			runOnlyForDeploymentPostprocessing = 0;
		};
/* End PBXSourcesBuildPhase section */

/* Begin PBXVariantGroup section */
		A38B12E82B4EE879003D33D8 /* Main.storyboard */ = {
			isa = PBXVariantGroup;
			children = (
				A38B12E92B4EE879003D33D8 /* Base */,
			);
			name = Main.storyboard;
			sourceTree = "<group>";
		};
		A38B12ED2B4EE87A003D33D8 /* LaunchScreen.storyboard */ = {
			isa = PBXVariantGroup;
			children = (
				A38B12EE2B4EE87A003D33D8 /* Base */,
			);
			name = LaunchScreen.storyboard;
			sourceTree = "<group>";
		};
/* End PBXVariantGroup section */

/* Begin XCBuildConfiguration section */
		A38B12F12B4EE87A003D33D8 /* Debug */ = {
			isa = XCBuildConfiguration;
			buildSettings = {
				ALWAYS_SEARCH_USER_PATHS = NO;
				ASSETCATALOG_COMPILER_GENERATE_SWIFT_ASSET_SYMBOL_EXTENSIONS = YES;
				CLANG_ANALYZER_NONNULL = YES;
				CLANG_ANALYZER_NUMBER_OBJECT_CONVERSION = YES_AGGRESSIVE;
				CLANG_CXX_LANGUAGE_STANDARD = "gnu++20";
				CLANG_ENABLE_MODULES = YES;
				CLANG_ENABLE_OBJC_ARC = YES;
				CLANG_ENABLE_OBJC_WEAK = YES;
				CLANG_WARN_BLOCK_CAPTURE_AUTORELEASING = YES;
				CLANG_WARN_BOOL_CONVERSION = YES;
				CLANG_WARN_COMMA = YES;
				CLANG_WARN_CONSTANT_CONVERSION = YES;
				CLANG_WARN_DEPRECATED_OBJC_IMPLEMENTATIONS = YES;
				CLANG_WARN_DIRECT_OBJC_ISA_USAGE = YES_ERROR;
				CLANG_WARN_DOCUMENTATION_COMMENTS = YES;
				CLANG_WARN_EMPTY_BODY = YES;
				CLANG_WARN_ENUM_CONVERSION = YES;
				CLANG_WARN_INFINITE_RECURSION = YES;
				CLANG_WARN_INT_CONVERSION = YES;
				CLANG_WARN_NON_LITERAL_NULL_CONVERSION = YES;
				CLANG_WARN_OBJC_IMPLICIT_RETAIN_SELF = YES;
				CLANG_WARN_OBJC_LITERAL_CONVERSION = YES;
				CLANG_WARN_OBJC_ROOT_CLASS = YES_ERROR;
				CLANG_WARN_QUOTED_INCLUDE_IN_FRAMEWORK_HEADER = YES;
				CLANG_WARN_RANGE_LOOP_ANALYSIS = YES;
				CLANG_WARN_STRICT_PROTOTYPES = YES;
				CLANG_WARN_SUSPICIOUS_MOVE = YES;
				CLANG_WARN_UNGUARDED_AVAILABILITY = YES_AGGRESSIVE;
				CLANG_WARN_UNREACHABLE_CODE = YES;
				CLANG_WARN__DUPLICATE_METHOD_MATCH = YES;
				COPY_PHASE_STRIP = NO;
				DEBUG_INFORMATION_FORMAT = dwarf;
				ENABLE_STRICT_OBJC_MSGSEND = YES;
				ENABLE_TESTABILITY = YES;
				ENABLE_USER_SCRIPT_SANDBOXING = YES;
				GCC_C_LANGUAGE_STANDARD = gnu17;
				GCC_DYNAMIC_NO_PIC = NO;
				GCC_NO_COMMON_BLOCKS = YES;
				GCC_OPTIMIZATION_LEVEL = 0;
				GCC_PREPROCESSOR_DEFINITIONS = (
					"DEBUG=1",
					"$(inherited)",
				);
				GCC_WARN_64_TO_32_BIT_CONVERSION = YES;
				GCC_WARN_ABOUT_RETURN_TYPE = YES_ERROR;
				GCC_WARN_UNDECLARED_SELECTOR = YES;
				GCC_WARN_UNINITIALIZED_AUTOS = YES_AGGRESSIVE;
				GCC_WARN_UNUSED_FUNCTION = YES;
				GCC_WARN_UNUSED_VARIABLE = YES;
				IPHONEOS_DEPLOYMENT_TARGET = 17.0;
				LOCALIZATION_PREFERS_STRING_CATALOGS = YES;
				MTL_ENABLE_DEBUG_INFO = INCLUDE_SOURCE;
				MTL_FAST_MATH = YES;
				ONLY_ACTIVE_ARCH = YES;
				SDKROOT = iphoneos;
				SWIFT_ACTIVE_COMPILATION_CONDITIONS = "DEBUG $(inherited)";
				SWIFT_OPTIMIZATION_LEVEL = "-Onone";
			};
			name = Debug;
		};
		A38B12F22B4EE87A003D33D8 /* Release */ = {
			isa = XCBuildConfiguration;
			buildSettings = {
				ALWAYS_SEARCH_USER_PATHS = NO;
				ASSETCATALOG_COMPILER_GENERATE_SWIFT_ASSET_SYMBOL_EXTENSIONS = YES;
				CLANG_ANALYZER_NONNULL = YES;
				CLANG_ANALYZER_NUMBER_OBJECT_CONVERSION = YES_AGGRESSIVE;
				CLANG_CXX_LANGUAGE_STANDARD = "gnu++20";
				CLANG_ENABLE_MODULES = YES;
				CLANG_ENABLE_OBJC_ARC = YES;
				CLANG_ENABLE_OBJC_WEAK = YES;
				CLANG_WARN_BLOCK_CAPTURE_AUTORELEASING = YES;
				CLANG_WARN_BOOL_CONVERSION = YES;
				CLANG_WARN_COMMA = YES;
				CLANG_WARN_CONSTANT_CONVERSION = YES;
				CLANG_WARN_DEPRECATED_OBJC_IMPLEMENTATIONS = YES;
				CLANG_WARN_DIRECT_OBJC_ISA_USAGE = YES_ERROR;
				CLANG_WARN_DOCUMENTATION_COMMENTS = YES;
				CLANG_WARN_EMPTY_BODY = YES;
				CLANG_WARN_ENUM_CONVERSION = YES;
				CLANG_WARN_INFINITE_RECURSION = YES;
				CLANG_WARN_INT_CONVERSION = YES;
				CLANG_WARN_NON_LITERAL_NULL_CONVERSION = YES;
				CLANG_WARN_OBJC_IMPLICIT_RETAIN_SELF = YES;
				CLANG_WARN_OBJC_LITERAL_CONVERSION = YES;
				CLANG_WARN_OBJC_ROOT_CLASS = YES_ERROR;
				CLANG_WARN_QUOTED_INCLUDE_IN_FRAMEWORK_HEADER = YES;
				CLANG_WARN_RANGE_LOOP_ANALYSIS = YES;
				CLANG_WARN_STRICT_PROTOTYPES = YES;
				CLANG_WARN_SUSPICIOUS_MOVE = YES;
				CLANG_WARN_UNGUARDED_AVAILABILITY = YES_AGGRESSIVE;
				CLANG_WARN_UNREACHABLE_CODE = YES;
				CLANG_WARN__DUPLICATE_METHOD_MATCH = YES;
				COPY_PHASE_STRIP = NO;
				DEBUG_INFORMATION_FORMAT = "dwarf-with-dsym";
				ENABLE_NS_ASSERTIONS = NO;
				ENABLE_STRICT_OBJC_MSGSEND = YES;
				ENABLE_USER_SCRIPT_SANDBOXING = YES;
				GCC_C_LANGUAGE_STANDARD = gnu17;
				GCC_NO_COMMON_BLOCKS = YES;
				GCC_WARN_64_TO_32_BIT_CONVERSION = YES;
				GCC_WARN_ABOUT_RETURN_TYPE = YES_ERROR;
				GCC_WARN_UNDECLARED_SELECTOR = YES;
				GCC_WARN_UNINITIALIZED_AUTOS = YES_AGGRESSIVE;
				GCC_WARN_UNUSED_FUNCTION = YES;
				GCC_WARN_UNUSED_VARIABLE = YES;
				IPHONEOS_DEPLOYMENT_TARGET = 17.0;
				LOCALIZATION_PREFERS_STRING_CATALOGS = YES;
				MTL_ENABLE_DEBUG_INFO = NO;
				MTL_FAST_MATH = YES;
				SDKROOT = iphoneos;
				SWIFT_COMPILATION_MODE = wholemodule;
				VALIDATE_PRODUCT = YES;
			};
			name = Release;
		};
		A38B12F42B4EE87A003D33D8 /* Debug */ = {
			isa = XCBuildConfiguration;
			buildSettings = {
				ASSETCATALOG_COMPILER_APPICON_NAME = AppIcon;
				ASSETCATALOG_COMPILER_GLOBAL_ACCENT_COLOR_NAME = AccentColor;
				CODE_SIGN_STYLE = Automatic;
				CURRENT_PROJECT_VERSION = 1;
				DEVELOPMENT_TEAM = 675SH673K8;
				GENERATE_INFOPLIST_FILE = YES;
				INFOPLIST_FILE = Pokedex/Info.plist;
				INFOPLIST_KEY_UIApplicationSupportsIndirectInputEvents = YES;
				INFOPLIST_KEY_UILaunchStoryboardName = LaunchScreen;
				INFOPLIST_KEY_UIMainStoryboardFile = Main;
				INFOPLIST_KEY_UISupportedInterfaceOrientations_iPad = "UIInterfaceOrientationPortrait UIInterfaceOrientationPortraitUpsideDown UIInterfaceOrientationLandscapeLeft UIInterfaceOrientationLandscapeRight";
				INFOPLIST_KEY_UISupportedInterfaceOrientations_iPhone = "UIInterfaceOrientationPortrait UIInterfaceOrientationLandscapeLeft UIInterfaceOrientationLandscapeRight";
				LD_RUNPATH_SEARCH_PATHS = (
					"$(inherited)",
					"@executable_path/Frameworks",
				);
				MARKETING_VERSION = 1.0;
				PRODUCT_BUNDLE_IDENTIFIER = com.braydenlemke.Pokedex;
				PRODUCT_NAME = "$(TARGET_NAME)";
				SWIFT_EMIT_LOC_STRINGS = YES;
				SWIFT_VERSION = 5.0;
				TARGETED_DEVICE_FAMILY = "1,2";
			};
			name = Debug;
		};
		A38B12F52B4EE87A003D33D8 /* Release */ = {
			isa = XCBuildConfiguration;
			buildSettings = {
				ASSETCATALOG_COMPILER_APPICON_NAME = AppIcon;
				ASSETCATALOG_COMPILER_GLOBAL_ACCENT_COLOR_NAME = AccentColor;
				CODE_SIGN_STYLE = Automatic;
				CURRENT_PROJECT_VERSION = 1;
				DEVELOPMENT_TEAM = 675SH673K8;
				GENERATE_INFOPLIST_FILE = YES;
				INFOPLIST_FILE = Pokedex/Info.plist;
				INFOPLIST_KEY_UIApplicationSupportsIndirectInputEvents = YES;
				INFOPLIST_KEY_UILaunchStoryboardName = LaunchScreen;
				INFOPLIST_KEY_UIMainStoryboardFile = Main;
				INFOPLIST_KEY_UISupportedInterfaceOrientations_iPad = "UIInterfaceOrientationPortrait UIInterfaceOrientationPortraitUpsideDown UIInterfaceOrientationLandscapeLeft UIInterfaceOrientationLandscapeRight";
				INFOPLIST_KEY_UISupportedInterfaceOrientations_iPhone = "UIInterfaceOrientationPortrait UIInterfaceOrientationLandscapeLeft UIInterfaceOrientationLandscapeRight";
				LD_RUNPATH_SEARCH_PATHS = (
					"$(inherited)",
					"@executable_path/Frameworks",
				);
				MARKETING_VERSION = 1.0;
				PRODUCT_BUNDLE_IDENTIFIER = com.braydenlemke.Pokedex;
				PRODUCT_NAME = "$(TARGET_NAME)";
				SWIFT_EMIT_LOC_STRINGS = YES;
				SWIFT_VERSION = 5.0;
				TARGETED_DEVICE_FAMILY = "1,2";
			};
			name = Release;
		};
/* End XCBuildConfiguration section */

/* Begin XCConfigurationList section */
		A38B12DA2B4EE879003D33D8 /* Build configuration list for PBXProject "Pokedex" */ = {
			isa = XCConfigurationList;
			buildConfigurations = (
				A38B12F12B4EE87A003D33D8 /* Debug */,
				A38B12F22B4EE87A003D33D8 /* Release */,
			);
			defaultConfigurationIsVisible = 0;
			defaultConfigurationName = Release;
		};
		A38B12F32B4EE87A003D33D8 /* Build configuration list for PBXNativeTarget "Pokedex" */ = {
			isa = XCConfigurationList;
			buildConfigurations = (
				A38B12F42B4EE87A003D33D8 /* Debug */,
				A38B12F52B4EE87A003D33D8 /* Release */,
			);
			defaultConfigurationIsVisible = 0;
			defaultConfigurationName = Release;
		};
/* End XCConfigurationList section */
	};
	rootObject = A38B12D72B4EE879003D33D8 /* Project object */;
}
